
Microsoft Visual Studio Solution File, Format Version 12.00
# Visual Studio Version 16
VisualStudioVersion = 16.0.29728.190
MinimumVisualStudioVersion = 10.0.40219.1
Project("{8BC9CEB8-8B4A-11D0-8D11-00A0C91BC942}") = "ConsoleApplication1", "ConsoleApplication1.vcxproj", "{3BD4E40A-C279-461E-A080-527268FCB355}"
EndProject
Project("{8BC9CEB8-8B4A-11D0-8D11-00A0C91BC942}") = "RtMidi17", "..\..\..\Downloads\rtmidi17-build\RtMidi17.vcxproj", "{CFE9030E-FAC1-36B8-A8FC-872BA5F2CAAB}"
EndProject
Global
	GlobalSection(SolutionConfigurationPlatforms) = preSolution
		Debug|x64 = Debug|x64
		Debug|x86 = Debug|x86
		MinSizeRel|x64 = MinSizeRel|x64
		MinSizeRel|x86 = MinSizeRel|x86
		Release|x64 = Release|x64
		Release|x86 = Release|x86
		RelWithDebInfo|x64 = RelWithDebInfo|x64
		RelWithDebInfo|x86 = RelWithDebInfo|x86
	EndGlobalSection
	GlobalSection(ProjectConfigurationPlatforms) = postSolution
		{3BD4E40A-C279-461E-A080-527268FCB355}.Debug|x64.ActiveCfg = Debug|x64
		{3BD4E40A-C279-461E-A080-527268FCB355}.Debug|x64.Build.0 = Debug|x64
		{3BD4E40A-C279-461E-A080-527268FCB355}.Debug|x86.ActiveCfg = Debug|Win32
		{3BD4E40A-C279-461E-A080-527268FCB355}.Debug|x86.Build.0 = Debug|Win32
		{3BD4E40A-C279-461E-A080-527268FCB355}.MinSizeRel|x64.ActiveCfg = Release|x64
		{3BD4E40A-C279-461E-A080-527268FCB355}.MinSizeRel|x64.Build.0 = Release|x64
		{3BD4E40A-C279-461E-A080-527268FCB355}.MinSizeRel|x86.ActiveCfg = Release|Win32
		{3BD4E40A-C279-461E-A080-527268FCB355}.MinSizeRel|x86.Build.0 = Release|Win32
		{3BD4E40A-C279-461E-A080-527268FCB355}.Release|x64.ActiveCfg = Release|x64
		{3BD4E40A-C279-461E-A080-527268FCB355}.Release|x64.Build.0 = Release|x64
		{3BD4E40A-C279-461E-A080-527268FCB355}.Release|x86.ActiveCfg = Release|Win32
		{3BD4E40A-C279-461E-A080-527268FCB355}.Release|x86.Build.0 = Release|Win32
		{3BD4E40A-C279-461E-A080-527268FCB355}.RelWithDebInfo|x64.ActiveCfg = Release|x64
		{3BD4E40A-C279-461E-A080-527268FCB355}.RelWithDebInfo|x64.Build.0 = Release|x64
		{3BD4E40A-C279-461E-A080-527268FCB355}.RelWithDebInfo|x86.ActiveCfg = Release|Win32
		{3BD4E40A-C279-461E-A080-527268FCB355}.RelWithDebInfo|x86.Build.0 = Release|Win32
		{CFE9030E-FAC1-36B8-A8FC-872BA5F2CAAB}.Debug|x64.ActiveCfg = Debug|x64
		{CFE9030E-FAC1-36B8-A8FC-872BA5F2CAAB}.Debug|x64.Build.0 = Debug|x64
		{CFE9030E-FAC1-36B8-A8FC-872BA5F2CAAB}.Debug|x86.ActiveCfg = Debug|x64
		{CFE9030E-FAC1-36B8-A8FC-872BA5F2CAAB}.MinSizeRel|x64.ActiveCfg = MinSizeRel|x64
		{CFE9030E-FAC1-36B8-A8FC-872BA5F2CAAB}.MinSizeRel|x64.Build.0 = MinSizeRel|x64
		{CFE9030E-FAC1-36B8-A8FC-872BA5F2CAAB}.MinSizeRel|x86.ActiveCfg = MinSizeRel|x64
		{CFE9030E-FAC1-36B8-A8FC-872BA5F2CAAB}.Release|x64.ActiveCfg = Release|x64
		{CFE9030E-FAC1-36B8-A8FC-872BA5F2CAAB}.Release|x64.Build.0 = Release|x64
		{CFE9030E-FAC1-36B8-A8FC-872BA5F2CAAB}.Release|x86.ActiveCfg = Release|x64
		{CFE9030E-FAC1-36B8-A8FC-872BA5F2CAAB}.RelWithDebInfo|x64.ActiveCfg = RelWithDebInfo|x64
		{CFE9030E-FAC1-36B8-A8FC-872BA5F2CAAB}.RelWithDebInfo|x64.Build.0 = RelWithDebInfo|x64
		{CFE9030E-FAC1-36B8-A8FC-872BA5F2CAAB}.RelWithDebInfo|x86.ActiveCfg = RelWithDebInfo|x64
	EndGlobalSection
	GlobalSection(SolutionProperties) = preSolution
		HideSolutionNode = FALSE
	EndGlobalSection
	GlobalSection(ExtensibilityGlobals) = postSolution
		SolutionGuid = {69B74F78-4149-4B15-A60C-5A12021BDF30}
	EndGlobalSection
EndGlobal
